
Microsoft Visual Studio Solution File, Format Version 12.00
# Visual Studio 14
VisualStudioVersion = 14.0.25420.1
MinimumVisualStudioVersion = 10.0.40219.1
Project("{8BC9CEB8-8B4A-11D0-8D11-00A0C91BC942}") = "HelloWorld", "HelloWorld\HelloWorld.vcxproj", "{485CE683-995E-48BB-9C05-820011F3510F}"
EndProject
Project("{2150E333-8FDC-42A3-9474-1A3956D46DE8}") = "Elementary", "Elementary", "{F4A99021-CADE-4646-8590-9D91128F0BE2}"
EndProject
Project("{8BC9CEB8-8B4A-11D0-8D11-00A0C91BC942}") = "cout", "cout\cout.vcxproj", "{2E870761-1107-4385-AD0F-2D3A68B3E4E7}"
EndProject
Project("{8BC9CEB8-8B4A-11D0-8D11-00A0C91BC942}") = "cin", "cin\cin.vcxproj", "{320994EA-0003-4668-9797-AF06168C4115}"
EndProject
Project("{8BC9CEB8-8B4A-11D0-8D11-00A0C91BC942}") = "Operators", "Operators\Operators.vcxproj", "{3A4C7449-9E38-4BC6-8B3C-5CAF5B7FFCF5}"
EndProject
Project("{8BC9CEB8-8B4A-11D0-8D11-00A0C91BC942}") = "Arrays", "Arrays\Arrays.vcxproj", "{C2FBA3B2-2548-41E2-95B9-C6834407AE52}"
EndProject
Project("{8BC9CEB8-8B4A-11D0-8D11-00A0C91BC942}") = "ifelse", "ifelse\ifelse.vcxproj", "{00600161-2542-4432-9E5B-E339D6B9B1AF}"
EndProject
Project("{8BC9CEB8-8B4A-11D0-8D11-00A0C91BC942}") = "for", "for\for.vcxproj", "{F61A5774-41B8-491C-B1DD-99B17603A181}"
EndProject
Project("{8BC9CEB8-8B4A-11D0-8D11-00A0C91BC942}") = "while", "while\while.vcxproj", "{00F935F7-9117-4750-A375-4F3C31E09FFD}"
EndProject
Project("{8BC9CEB8-8B4A-11D0-8D11-00A0C91BC942}") = "functions", "functions\functions.vcxproj", "{95EDA01B-EC94-4B70-8E9A-78CC85631396}"
EndProject
Project("{8BC9CEB8-8B4A-11D0-8D11-00A0C91BC942}") = "MeanAndVarianceCalculation", "MeanAndVarianceCalculation\MeanAndVarianceCalculation.vcxproj", "{8301371D-9B97-40C4-A7FB-DBC379A304B4}"
EndProject
Project("{2150E333-8FDC-42A3-9474-1A3956D46DE8}") = "Examples", "Examples", "{9DC8D752-7C82-4D14-B3A4-442032300775}"
EndProject
Project("{8BC9CEB8-8B4A-11D0-8D11-00A0C91BC942}") = "Sorting", "Sorting\Sorting.vcxproj", "{29CC0270-65A6-47AF-9B82-81AFC2E88F1F}"
EndProject
Project("{8BC9CEB8-8B4A-11D0-8D11-00A0C91BC942}") = "Calculator", "Calculator\Calculator.vcxproj", "{017994BD-C5EC-43E0-8D2C-D96DAC5D1DBE}"
EndProject
Project("{8BC9CEB8-8B4A-11D0-8D11-00A0C91BC942}") = "Switch", "Switch\Switch.vcxproj", "{A2BD8256-CC70-4570-A25F-395E8BBD2838}"
EndProject
Project("{2150E333-8FDC-42A3-9474-1A3956D46DE8}") = "Intermediate", "Intermediate", "{B817864D-1110-4224-805E-4E094FC10457}"
EndProject
Project("{8BC9CEB8-8B4A-11D0-8D11-00A0C91BC942}") = "Pointers", "Pointers\Pointers.vcxproj", "{97F3671B-F4A3-4B68-86F9-AA09E0DA2C82}"
EndProject
Project("{8BC9CEB8-8B4A-11D0-8D11-00A0C91BC942}") = "Scope of Variables", "Scope of Variables\Scope of Variables.vcxproj", "{A629C462-DA6A-4306-9CF9-3AA4D0387815}"
EndProject
Project("{8BC9CEB8-8B4A-11D0-8D11-00A0C91BC942}") = "Structure", "Structure\Structure.vcxproj", "{9311986C-3A85-4D2E-9530-14EB71ABE547}"
EndProject
Project("{8BC9CEB8-8B4A-11D0-8D11-00A0C91BC942}") = "Recursive Funcitons", "Recursive Funcitons\Recursive Funcitons.vcxproj", "{822F0519-1DE6-4992-8F89-106F8F0E7CC9}"
EndProject
Global
	GlobalSection(SolutionConfigurationPlatforms) = preSolution
		Debug|x64 = Debug|x64
		Debug|x86 = Debug|x86
		Release|x64 = Release|x64
		Release|x86 = Release|x86
	EndGlobalSection
	GlobalSection(ProjectConfigurationPlatforms) = postSolution
		{485CE683-995E-48BB-9C05-820011F3510F}.Debug|x64.ActiveCfg = Debug|x64
		{485CE683-995E-48BB-9C05-820011F3510F}.Debug|x64.Build.0 = Debug|x64
		{485CE683-995E-48BB-9C05-820011F3510F}.Debug|x86.ActiveCfg = Debug|Win32
		{485CE683-995E-48BB-9C05-820011F3510F}.Debug|x86.Build.0 = Debug|Win32
		{485CE683-995E-48BB-9C05-820011F3510F}.Release|x64.ActiveCfg = Release|x64
		{485CE683-995E-48BB-9C05-820011F3510F}.Release|x64.Build.0 = Release|x64
		{485CE683-995E-48BB-9C05-820011F3510F}.Release|x86.ActiveCfg = Release|Win32
		{485CE683-995E-48BB-9C05-820011F3510F}.Release|x86.Build.0 = Release|Win32
		{2E870761-1107-4385-AD0F-2D3A68B3E4E7}.Debug|x64.ActiveCfg = Debug|x64
		{2E870761-1107-4385-AD0F-2D3A68B3E4E7}.Debug|x64.Build.0 = Debug|x64
		{2E870761-1107-4385-AD0F-2D3A68B3E4E7}.Debug|x86.ActiveCfg = Debug|Win32
		{2E870761-1107-4385-AD0F-2D3A68B3E4E7}.Debug|x86.Build.0 = Debug|Win32
		{2E870761-1107-4385-AD0F-2D3A68B3E4E7}.Release|x64.ActiveCfg = Release|x64
		{2E870761-1107-4385-AD0F-2D3A68B3E4E7}.Release|x64.Build.0 = Release|x64
		{2E870761-1107-4385-AD0F-2D3A68B3E4E7}.Release|x86.ActiveCfg = Release|Win32
		{2E870761-1107-4385-AD0F-2D3A68B3E4E7}.Release|x86.Build.0 = Release|Win32
		{320994EA-0003-4668-9797-AF06168C4115}.Debug|x64.ActiveCfg = Debug|x64
		{320994EA-0003-4668-9797-AF06168C4115}.Debug|x64.Build.0 = Debug|x64
		{320994EA-0003-4668-9797-AF06168C4115}.Debug|x86.ActiveCfg = Debug|Win32
		{320994EA-0003-4668-9797-AF06168C4115}.Debug|x86.Build.0 = Debug|Win32
		{320994EA-0003-4668-9797-AF06168C4115}.Release|x64.ActiveCfg = Release|x64
		{320994EA-0003-4668-9797-AF06168C4115}.Release|x64.Build.0 = Release|x64
		{320994EA-0003-4668-9797-AF06168C4115}.Release|x86.ActiveCfg = Release|Win32
		{320994EA-0003-4668-9797-AF06168C4115}.Release|x86.Build.0 = Release|Win32
		{3A4C7449-9E38-4BC6-8B3C-5CAF5B7FFCF5}.Debug|x64.ActiveCfg = Debug|x64
		{3A4C7449-9E38-4BC6-8B3C-5CAF5B7FFCF5}.Debug|x64.Build.0 = Debug|x64
		{3A4C7449-9E38-4BC6-8B3C-5CAF5B7FFCF5}.Debug|x86.ActiveCfg = Debug|Win32
		{3A4C7449-9E38-4BC6-8B3C-5CAF5B7FFCF5}.Debug|x86.Build.0 = Debug|Win32
		{3A4C7449-9E38-4BC6-8B3C-5CAF5B7FFCF5}.Release|x64.ActiveCfg = Release|x64
		{3A4C7449-9E38-4BC6-8B3C-5CAF5B7FFCF5}.Release|x64.Build.0 = Release|x64
		{3A4C7449-9E38-4BC6-8B3C-5CAF5B7FFCF5}.Release|x86.ActiveCfg = Release|Win32
		{3A4C7449-9E38-4BC6-8B3C-5CAF5B7FFCF5}.Release|x86.Build.0 = Release|Win32
		{C2FBA3B2-2548-41E2-95B9-C6834407AE52}.Debug|x64.ActiveCfg = Debug|x64
		{C2FBA3B2-2548-41E2-95B9-C6834407AE52}.Debug|x64.Build.0 = Debug|x64
		{C2FBA3B2-2548-41E2-95B9-C6834407AE52}.Debug|x86.ActiveCfg = Debug|Win32
		{C2FBA3B2-2548-41E2-95B9-C6834407AE52}.Debug|x86.Build.0 = Debug|Win32
		{C2FBA3B2-2548-41E2-95B9-C6834407AE52}.Release|x64.ActiveCfg = Release|x64
		{C2FBA3B2-2548-41E2-95B9-C6834407AE52}.Release|x64.Build.0 = Release|x64
		{C2FBA3B2-2548-41E2-95B9-C6834407AE52}.Release|x86.ActiveCfg = Release|Win32
		{C2FBA3B2-2548-41E2-95B9-C6834407AE52}.Release|x86.Build.0 = Release|Win32
		{00600161-2542-4432-9E5B-E339D6B9B1AF}.Debug|x64.ActiveCfg = Debug|x64
		{00600161-2542-4432-9E5B-E339D6B9B1AF}.Debug|x64.Build.0 = Debug|x64
		{00600161-2542-4432-9E5B-E339D6B9B1AF}.Debug|x86.ActiveCfg = Debug|Win32
		{00600161-2542-4432-9E5B-E339D6B9B1AF}.Debug|x86.Build.0 = Debug|Win32
		{00600161-2542-4432-9E5B-E339D6B9B1AF}.Release|x64.ActiveCfg = Release|x64
		{00600161-2542-4432-9E5B-E339D6B9B1AF}.Release|x64.Build.0 = Release|x64
		{00600161-2542-4432-9E5B-E339D6B9B1AF}.Release|x86.ActiveCfg = Release|Win32
		{00600161-2542-4432-9E5B-E339D6B9B1AF}.Release|x86.Build.0 = Release|Win32
		{F61A5774-41B8-491C-B1DD-99B17603A181}.Debug|x64.ActiveCfg = Debug|x64
		{F61A5774-41B8-491C-B1DD-99B17603A181}.Debug|x64.Build.0 = Debug|x64
		{F61A5774-41B8-491C-B1DD-99B17603A181}.Debug|x86.ActiveCfg = Debug|Win32
		{F61A5774-41B8-491C-B1DD-99B17603A181}.Debug|x86.Build.0 = Debug|Win32
		{F61A5774-41B8-491C-B1DD-99B17603A181}.Release|x64.ActiveCfg = Release|x64
		{F61A5774-41B8-491C-B1DD-99B17603A181}.Release|x64.Build.0 = Release|x64
		{F61A5774-41B8-491C-B1DD-99B17603A181}.Release|x86.ActiveCfg = Release|Win32
		{F61A5774-41B8-491C-B1DD-99B17603A181}.Release|x86.Build.0 = Release|Win32
		{00F935F7-9117-4750-A375-4F3C31E09FFD}.Debug|x64.ActiveCfg = Debug|x64
		{00F935F7-9117-4750-A375-4F3C31E09FFD}.Debug|x64.Build.0 = Debug|x64
		{00F935F7-9117-4750-A375-4F3C31E09FFD}.Debug|x86.ActiveCfg = Debug|Win32
		{00F935F7-9117-4750-A375-4F3C31E09FFD}.Debug|x86.Build.0 = Debug|Win32
		{00F935F7-9117-4750-A375-4F3C31E09FFD}.Release|x64.ActiveCfg = Release|x64
		{00F935F7-9117-4750-A375-4F3C31E09FFD}.Release|x64.Build.0 = Release|x64
		{00F935F7-9117-4750-A375-4F3C31E09FFD}.Release|x86.ActiveCfg = Release|Win32
		{00F935F7-9117-4750-A375-4F3C31E09FFD}.Release|x86.Build.0 = Release|Win32
		{95EDA01B-EC94-4B70-8E9A-78CC85631396}.Debug|x64.ActiveCfg = Debug|x64
		{95EDA01B-EC94-4B70-8E9A-78CC85631396}.Debug|x64.Build.0 = Debug|x64
		{95EDA01B-EC94-4B70-8E9A-78CC85631396}.Debug|x86.ActiveCfg = Debug|Win32
		{95EDA01B-EC94-4B70-8E9A-78CC85631396}.Debug|x86.Build.0 = Debug|Win32
		{95EDA01B-EC94-4B70-8E9A-78CC85631396}.Release|x64.ActiveCfg = Release|x64
		{95EDA01B-EC94-4B70-8E9A-78CC85631396}.Release|x64.Build.0 = Release|x64
		{95EDA01B-EC94-4B70-8E9A-78CC85631396}.Release|x86.ActiveCfg = Release|Win32
		{95EDA01B-EC94-4B70-8E9A-78CC85631396}.Release|x86.Build.0 = Release|Win32
		{8301371D-9B97-40C4-A7FB-DBC379A304B4}.Debug|x64.ActiveCfg = Debug|x64
		{8301371D-9B97-40C4-A7FB-DBC379A304B4}.Debug|x64.Build.0 = Debug|x64
		{8301371D-9B97-40C4-A7FB-DBC379A304B4}.Debug|x86.ActiveCfg = Debug|Win32
		{8301371D-9B97-40C4-A7FB-DBC379A304B4}.Debug|x86.Build.0 = Debug|Win32
		{8301371D-9B97-40C4-A7FB-DBC379A304B4}.Release|x64.ActiveCfg = Release|x64
		{8301371D-9B97-40C4-A7FB-DBC379A304B4}.Release|x64.Build.0 = Release|x64
		{8301371D-9B97-40C4-A7FB-DBC379A304B4}.Release|x86.ActiveCfg = Release|Win32
		{8301371D-9B97-40C4-A7FB-DBC379A304B4}.Release|x86.Build.0 = Release|Win32
		{29CC0270-65A6-47AF-9B82-81AFC2E88F1F}.Debug|x64.ActiveCfg = Debug|x64
		{29CC0270-65A6-47AF-9B82-81AFC2E88F1F}.Debug|x64.Build.0 = Debug|x64
		{29CC0270-65A6-47AF-9B82-81AFC2E88F1F}.Debug|x86.ActiveCfg = Debug|Win32
		{29CC0270-65A6-47AF-9B82-81AFC2E88F1F}.Debug|x86.Build.0 = Debug|Win32
		{29CC0270-65A6-47AF-9B82-81AFC2E88F1F}.Release|x64.ActiveCfg = Release|x64
		{29CC0270-65A6-47AF-9B82-81AFC2E88F1F}.Release|x64.Build.0 = Release|x64
		{29CC0270-65A6-47AF-9B82-81AFC2E88F1F}.Release|x86.ActiveCfg = Release|Win32
		{29CC0270-65A6-47AF-9B82-81AFC2E88F1F}.Release|x86.Build.0 = Release|Win32
		{017994BD-C5EC-43E0-8D2C-D96DAC5D1DBE}.Debug|x64.ActiveCfg = Debug|x64
		{017994BD-C5EC-43E0-8D2C-D96DAC5D1DBE}.Debug|x64.Build.0 = Debug|x64
		{017994BD-C5EC-43E0-8D2C-D96DAC5D1DBE}.Debug|x86.ActiveCfg = Debug|Win32
		{017994BD-C5EC-43E0-8D2C-D96DAC5D1DBE}.Debug|x86.Build.0 = Debug|Win32
		{017994BD-C5EC-43E0-8D2C-D96DAC5D1DBE}.Release|x64.ActiveCfg = Release|x64
		{017994BD-C5EC-43E0-8D2C-D96DAC5D1DBE}.Release|x64.Build.0 = Release|x64
		{017994BD-C5EC-43E0-8D2C-D96DAC5D1DBE}.Release|x86.ActiveCfg = Release|Win32
		{017994BD-C5EC-43E0-8D2C-D96DAC5D1DBE}.Release|x86.Build.0 = Release|Win32
		{A2BD8256-CC70-4570-A25F-395E8BBD2838}.Debug|x64.ActiveCfg = Debug|x64
		{A2BD8256-CC70-4570-A25F-395E8BBD2838}.Debug|x64.Build.0 = Debug|x64
		{A2BD8256-CC70-4570-A25F-395E8BBD2838}.Debug|x86.ActiveCfg = Debug|Win32
		{A2BD8256-CC70-4570-A25F-395E8BBD2838}.Debug|x86.Build.0 = Debug|Win32
		{A2BD8256-CC70-4570-A25F-395E8BBD2838}.Release|x64.ActiveCfg = Release|x64
		{A2BD8256-CC70-4570-A25F-395E8BBD2838}.Release|x64.Build.0 = Release|x64
		{A2BD8256-CC70-4570-A25F-395E8BBD2838}.Release|x86.ActiveCfg = Release|Win32
		{A2BD8256-CC70-4570-A25F-395E8BBD2838}.Release|x86.Build.0 = Release|Win32
		{97F3671B-F4A3-4B68-86F9-AA09E0DA2C82}.Debug|x64.ActiveCfg = Debug|x64
		{97F3671B-F4A3-4B68-86F9-AA09E0DA2C82}.Debug|x64.Build.0 = Debug|x64
		{97F3671B-F4A3-4B68-86F9-AA09E0DA2C82}.Debug|x86.ActiveCfg = Debug|Win32
		{97F3671B-F4A3-4B68-86F9-AA09E0DA2C82}.Debug|x86.Build.0 = Debug|Win32
		{97F3671B-F4A3-4B68-86F9-AA09E0DA2C82}.Release|x64.ActiveCfg = Release|x64
		{97F3671B-F4A3-4B68-86F9-AA09E0DA2C82}.Release|x64.Build.0 = Release|x64
		{97F3671B-F4A3-4B68-86F9-AA09E0DA2C82}.Release|x86.ActiveCfg = Release|Win32
		{97F3671B-F4A3-4B68-86F9-AA09E0DA2C82}.Release|x86.Build.0 = Release|Win32
		{A629C462-DA6A-4306-9CF9-3AA4D0387815}.Debug|x64.ActiveCfg = Debug|x64
		{A629C462-DA6A-4306-9CF9-3AA4D0387815}.Debug|x64.Build.0 = Debug|x64
		{A629C462-DA6A-4306-9CF9-3AA4D0387815}.Debug|x86.ActiveCfg = Debug|Win32
		{A629C462-DA6A-4306-9CF9-3AA4D0387815}.Debug|x86.Build.0 = Debug|Win32
		{A629C462-DA6A-4306-9CF9-3AA4D0387815}.Release|x64.ActiveCfg = Release|x64
		{A629C462-DA6A-4306-9CF9-3AA4D0387815}.Release|x64.Build.0 = Release|x64
		{A629C462-DA6A-4306-9CF9-3AA4D0387815}.Release|x86.ActiveCfg = Release|Win32
		{A629C462-DA6A-4306-9CF9-3AA4D0387815}.Release|x86.Build.0 = Release|Win32
		{9311986C-3A85-4D2E-9530-14EB71ABE547}.Debug|x64.ActiveCfg = Debug|x64
		{9311986C-3A85-4D2E-9530-14EB71ABE547}.Debug|x64.Build.0 = Debug|x64
		{9311986C-3A85-4D2E-9530-14EB71ABE547}.Debug|x86.ActiveCfg = Debug|Win32
		{9311986C-3A85-4D2E-9530-14EB71ABE547}.Debug|x86.Build.0 = Debug|Win32
		{9311986C-3A85-4D2E-9530-14EB71ABE547}.Release|x64.ActiveCfg = Release|x64
		{9311986C-3A85-4D2E-9530-14EB71ABE547}.Release|x64.Build.0 = Release|x64
		{9311986C-3A85-4D2E-9530-14EB71ABE547}.Release|x86.ActiveCfg = Release|Win32
		{9311986C-3A85-4D2E-9530-14EB71ABE547}.Release|x86.Build.0 = Release|Win32
		{822F0519-1DE6-4992-8F89-106F8F0E7CC9}.Debug|x64.ActiveCfg = Debug|x64
		{822F0519-1DE6-4992-8F89-106F8F0E7CC9}.Debug|x64.Build.0 = Debug|x64
		{822F0519-1DE6-4992-8F89-106F8F0E7CC9}.Debug|x86.ActiveCfg = Debug|Win32
		{822F0519-1DE6-4992-8F89-106F8F0E7CC9}.Debug|x86.Build.0 = Debug|Win32
		{822F0519-1DE6-4992-8F89-106F8F0E7CC9}.Release|x64.ActiveCfg = Release|x64
		{822F0519-1DE6-4992-8F89-106F8F0E7CC9}.Release|x64.Build.0 = Release|x64
		{822F0519-1DE6-4992-8F89-106F8F0E7CC9}.Release|x86.ActiveCfg = Release|Win32
		{822F0519-1DE6-4992-8F89-106F8F0E7CC9}.Release|x86.Build.0 = Release|Win32
	EndGlobalSection
	GlobalSection(SolutionProperties) = preSolution
		HideSolutionNode = FALSE
	EndGlobalSection
	GlobalSection(NestedProjects) = preSolution
		{485CE683-995E-48BB-9C05-820011F3510F} = {F4A99021-CADE-4646-8590-9D91128F0BE2}
		{2E870761-1107-4385-AD0F-2D3A68B3E4E7} = {F4A99021-CADE-4646-8590-9D91128F0BE2}
		{320994EA-0003-4668-9797-AF06168C4115} = {F4A99021-CADE-4646-8590-9D91128F0BE2}
		{3A4C7449-9E38-4BC6-8B3C-5CAF5B7FFCF5} = {F4A99021-CADE-4646-8590-9D91128F0BE2}
		{C2FBA3B2-2548-41E2-95B9-C6834407AE52} = {F4A99021-CADE-4646-8590-9D91128F0BE2}
		{00600161-2542-4432-9E5B-E339D6B9B1AF} = {F4A99021-CADE-4646-8590-9D91128F0BE2}
		{F61A5774-41B8-491C-B1DD-99B17603A181} = {F4A99021-CADE-4646-8590-9D91128F0BE2}
		{00F935F7-9117-4750-A375-4F3C31E09FFD} = {F4A99021-CADE-4646-8590-9D91128F0BE2}
		{95EDA01B-EC94-4B70-8E9A-78CC85631396} = {F4A99021-CADE-4646-8590-9D91128F0BE2}
		{8301371D-9B97-40C4-A7FB-DBC379A304B4} = {9DC8D752-7C82-4D14-B3A4-442032300775}
		{29CC0270-65A6-47AF-9B82-81AFC2E88F1F} = {9DC8D752-7C82-4D14-B3A4-442032300775}
		{017994BD-C5EC-43E0-8D2C-D96DAC5D1DBE} = {9DC8D752-7C82-4D14-B3A4-442032300775}
		{A2BD8256-CC70-4570-A25F-395E8BBD2838} = {F4A99021-CADE-4646-8590-9D91128F0BE2}
		{97F3671B-F4A3-4B68-86F9-AA09E0DA2C82} = {B817864D-1110-4224-805E-4E094FC10457}
		{A629C462-DA6A-4306-9CF9-3AA4D0387815} = {B817864D-1110-4224-805E-4E094FC10457}
		{9311986C-3A85-4D2E-9530-14EB71ABE547} = {B817864D-1110-4224-805E-4E094FC10457}
		{822F0519-1DE6-4992-8F89-106F8F0E7CC9} = {B817864D-1110-4224-805E-4E094FC10457}
	EndGlobalSection
EndGlobal
